<?xml version="1.0" encoding="utf-8"?>
<Project ToolsVersion="4.0" xmlns="http://schemas.microsoft.com/developer/msbuild/2003">
  <ItemGroup>
    <Filter Include="源文件">
      <UniqueIdentifier>{4FC737F1-C7A5-4376-A066-2A32D752A2FF}</UniqueIdentifier>
      <Extensions>cpp;c;cc;cxx;def;odl;idl;hpj;bat;asm;asmx</Extensions>
    </Filter>
    <Filter Include="头文件">
      <UniqueIdentifier>{93995380-89BD-4b04-88EB-625FBE52EBFB}</UniqueIdentifier>
      <Extensions>h;hh;hpp;hxx;hm;inl;inc;ipp;xsd</Extensions>
    </Filter>
    <Filter Include="资源文件">
      <UniqueIdentifier>{67DA6AB6-F800-4c08-8B7A-83BB121AAD01}</UniqueIdentifier>
      <Extensions>rc;ico;cur;bmp;dlg;rc2;rct;bin;rgs;gif;jpg;jpeg;jpe;resx;tiff;tif;png;wav;mfcribbon-ms</Extensions>
    </Filter>
    <Filter Include="DirectX">
      <UniqueIdentifier>{d2b97d92-8b4f-4b0b-8195-3b0cb0504dca}</UniqueIdentifier>
    </Filter>
    <Filter Include="SRCL">
      <UniqueIdentifier>{e5bf0853-188e-433f-b506-29d0b34adf70}</UniqueIdentifier>
    </Filter>
    <Filter Include="SRUI">
      <UniqueIdentifier>{cea4ec47-b8af-4362-aebd-cc7888463f23}</UniqueIdentifier>
    </Filter>
    <Filter Include="SFIL">
      <UniqueIdentifier>{41131792-cfe1-47b3-84d6-8240a230025b}</UniqueIdentifier>
    </Filter>
    <Filter Include="DirectX\Inc">
      <UniqueIdentifier>{56472c5e-52ce-4f8b-a9cd-dd8fd41ee8e7}</UniqueIdentifier>
    </Filter>
    <Filter Include="DirectX\Lib">
      <UniqueIdentifier>{74168b77-0c58-4f4c-bfaf-b70a267da10e}</UniqueIdentifier>
    </Filter>
    <Filter Include="SFIL\Inc">
      <UniqueIdentifier>{dae5fc3c-bdd4-4b83-a973-d4616c9e70d1}</UniqueIdentifier>
    </Filter>
    <Filter Include="SFIL\Src">
      <UniqueIdentifier>{846f589b-9052-4645-a86b-1e3b805cf12e}</UniqueIdentifier>
    </Filter>
    <Filter Include="SRCL\Inc">
      <UniqueIdentifier>{6fe87382-fba9-4894-8d1b-ae60e44a1301}</UniqueIdentifier>
    </Filter>
    <Filter Include="SRCL\Src">
      <UniqueIdentifier>{672da69d-4084-4d29-89b6-a274d2722de3}</UniqueIdentifier>
    </Filter>
  </ItemGroup>
  <ItemGroup>
    <ClInclude Include="DirectX\Include\xnamath.h">
      <Filter>DirectX\Inc</Filter>
    </ClInclude>
    <ClInclude Include="DirectX\Include\xma2defs.h">
      <Filter>DirectX\Inc</Filter>
    </ClInclude>
    <ClInclude Include="DirectX\Include\XInput.h">
      <Filter>DirectX\Inc</Filter>
    </ClInclude>
    <ClInclude Include="DirectX\Include\XDSP.h">
      <Filter>DirectX\Inc</Filter>
    </ClInclude>
    <ClInclude Include="DirectX\Include\XAudio2fx.h">
      <Filter>DirectX\Inc</Filter>
    </ClInclude>
    <ClInclude Include="DirectX\Include\XAudio2.h">
      <Filter>DirectX\Inc</Filter>
    </ClInclude>
    <ClInclude Include="DirectX\Include\XAPOFX.h">
      <Filter>DirectX\Inc</Filter>
    </ClInclude>
    <ClInclude Include="DirectX\Include\XAPOBase.h">
      <Filter>DirectX\Inc</Filter>
    </ClInclude>
    <ClInclude Include="DirectX\Include\XAPO.h">
      <Filter>DirectX\Inc</Filter>
    </ClInclude>
    <ClInclude Include="DirectX\Include\xact3wb.h">
      <Filter>DirectX\Inc</Filter>
    </ClInclude>
    <ClInclude Include="DirectX\Include\xact3d3.h">
      <Filter>DirectX\Inc</Filter>
    </ClInclude>
    <ClInclude Include="DirectX\Include\xact3.h">
      <Filter>DirectX\Inc</Filter>
    </ClInclude>
    <ClInclude Include="DirectX\Include\X3DAudio.h">
      <Filter>DirectX\Inc</Filter>
    </ClInclude>
    <ClInclude Include="DirectX\Include\rpcsal.h">
      <Filter>DirectX\Inc</Filter>
    </ClInclude>
    <ClInclude Include="DirectX\Include\rmxftmpl.h">
      <Filter>DirectX\Inc</Filter>
    </ClInclude>
    <ClInclude Include="DirectX\Include\rmxfguid.h">
      <Filter>DirectX\Inc</Filter>
    </ClInclude>
    <ClInclude Include="DirectX\Include\PIXPlugin.h">
      <Filter>DirectX\Inc</Filter>
    </ClInclude>
    <ClInclude Include="DirectX\Include\gameux.h">
      <Filter>DirectX\Inc</Filter>
    </ClInclude>
    <ClInclude Include="DirectX\Include\dxsdkver.h">
      <Filter>DirectX\Inc</Filter>
    </ClInclude>
    <ClInclude Include="DirectX\Include\DXGIType.h">
      <Filter>DirectX\Inc</Filter>
    </ClInclude>
    <ClInclude Include="DirectX\Include\DXGIFormat.h">
      <Filter>DirectX\Inc</Filter>
    </ClInclude>
    <ClInclude Include="DirectX\Include\DXGI.h">
      <Filter>DirectX\Inc</Filter>
    </ClInclude>
    <ClInclude Include="DirectX\Include\dxfile.h">
      <Filter>DirectX\Inc</Filter>
    </ClInclude>
    <ClInclude Include="DirectX\Include\DxErr.h">
      <Filter>DirectX\Inc</Filter>
    </ClInclude>
    <ClInclude Include="DirectX\Include\dxdiag.h">
      <Filter>DirectX\Inc</Filter>
    </ClInclude>
    <ClInclude Include="DirectX\Include\DWrite.h">
      <Filter>DirectX\Inc</Filter>
    </ClInclude>
    <ClInclude Include="DirectX\Include\dsound.h">
      <Filter>DirectX\Inc</Filter>
    </ClInclude>
    <ClInclude Include="DirectX\Include\dsetup.h">
      <Filter>DirectX\Inc</Filter>
    </ClInclude>
    <ClInclude Include="DirectX\Include\dsconf.h">
      <Filter>DirectX\Inc</Filter>
    </ClInclude>
    <ClInclude Include="DirectX\Include\dinputd.h">
      <Filter>DirectX\Inc</Filter>
    </ClInclude>
    <ClInclude Include="DirectX\Include\dinput.h">
      <Filter>DirectX\Inc</Filter>
    </ClInclude>
    <ClInclude Include="DirectX\Include\Dcommon.h">
      <Filter>DirectX\Inc</Filter>
    </ClInclude>
    <ClInclude Include="DirectX\Include\D3DX11tex.h">
      <Filter>DirectX\Inc</Filter>
    </ClInclude>
    <ClInclude Include="DirectX\Include\D3DX11core.h">
      <Filter>DirectX\Inc</Filter>
    </ClInclude>
    <ClInclude Include="DirectX\Include\D3DX11async.h">
      <Filter>DirectX\Inc</Filter>
    </ClInclude>
    <ClInclude Include="DirectX\Include\D3DX11.h">
      <Filter>DirectX\Inc</Filter>
    </ClInclude>
    <ClInclude Include="DirectX\Include\D3DX10tex.h">
      <Filter>DirectX\Inc</Filter>
    </ClInclude>
    <ClInclude Include="DirectX\Include\D3DX10mesh.h">
      <Filter>DirectX\Inc</Filter>
    </ClInclude>
    <ClInclude Include="DirectX\Include\D3DX10math.h">
      <Filter>DirectX\Inc</Filter>
    </ClInclude>
    <ClInclude Include="DirectX\Include\D3DX10core.h">
      <Filter>DirectX\Inc</Filter>
    </ClInclude>
    <ClInclude Include="DirectX\Include\d3dx10async.h">
      <Filter>DirectX\Inc</Filter>
    </ClInclude>
    <ClInclude Include="DirectX\Include\D3DX10.h">
      <Filter>DirectX\Inc</Filter>
    </ClInclude>
    <ClInclude Include="DirectX\Include\d3dx9xof.h">
      <Filter>DirectX\Inc</Filter>
    </ClInclude>
    <ClInclude Include="DirectX\Include\d3dx9tex.h">
      <Filter>DirectX\Inc</Filter>
    </ClInclude>
    <ClInclude Include="DirectX\Include\d3dx9shape.h">
      <Filter>DirectX\Inc</Filter>
    </ClInclude>
    <ClInclude Include="DirectX\Include\d3dx9shader.h">
      <Filter>DirectX\Inc</Filter>
    </ClInclude>
    <ClInclude Include="DirectX\Include\d3dx9mesh.h">
      <Filter>DirectX\Inc</Filter>
    </ClInclude>
    <ClInclude Include="DirectX\Include\d3dx9math.h">
      <Filter>DirectX\Inc</Filter>
    </ClInclude>
    <ClInclude Include="DirectX\Include\d3dx9effect.h">
      <Filter>DirectX\Inc</Filter>
    </ClInclude>
    <ClInclude Include="DirectX\Include\d3dx9core.h">
      <Filter>DirectX\Inc</Filter>
    </ClInclude>
    <ClInclude Include="DirectX\Include\d3dx9anim.h">
      <Filter>DirectX\Inc</Filter>
    </ClInclude>
    <ClInclude Include="DirectX\Include\d3dx9.h">
      <Filter>DirectX\Inc</Filter>
    </ClInclude>
    <ClInclude Include="DirectX\Include\D3DCSX.h">
      <Filter>DirectX\Inc</Filter>
    </ClInclude>
    <ClInclude Include="DirectX\Include\D3Dcompiler.h">
      <Filter>DirectX\Inc</Filter>
    </ClInclude>
    <ClInclude Include="DirectX\Include\D3Dcommon.h">
      <Filter>DirectX\Inc</Filter>
    </ClInclude>
    <ClInclude Include="DirectX\Include\D3D11Shader.h">
      <Filter>DirectX\Inc</Filter>
    </ClInclude>
    <ClInclude Include="DirectX\Include\D3D11SDKLayers.h">
      <Filter>DirectX\Inc</Filter>
    </ClInclude>
    <ClInclude Include="DirectX\Include\D3D11.h">
      <Filter>DirectX\Inc</Filter>
    </ClInclude>
    <ClInclude Include="DirectX\Include\D3D10shader.h">
      <Filter>DirectX\Inc</Filter>
    </ClInclude>
    <ClInclude Include="DirectX\Include\d3d10sdklayers.h">
      <Filter>DirectX\Inc</Filter>
    </ClInclude>
    <ClInclude Include="DirectX\Include\d3d10misc.h">
      <Filter>DirectX\Inc</Filter>
    </ClInclude>
    <ClInclude Include="DirectX\Include\D3D10effect.h">
      <Filter>DirectX\Inc</Filter>
    </ClInclude>
    <ClInclude Include="DirectX\Include\D3D10_1shader.h">
      <Filter>DirectX\Inc</Filter>
    </ClInclude>
    <ClInclude Include="DirectX\Include\D3D10_1.h">
      <Filter>DirectX\Inc</Filter>
    </ClInclude>
    <ClInclude Include="DirectX\Include\D3D10.h">
      <Filter>DirectX\Inc</Filter>
    </ClInclude>
    <ClInclude Include="DirectX\Include\d3d9types.h">
      <Filter>DirectX\Inc</Filter>
    </ClInclude>
    <ClInclude Include="DirectX\Include\d3d9caps.h">
      <Filter>DirectX\Inc</Filter>
    </ClInclude>
    <ClInclude Include="DirectX\Include\d3d9.h">
      <Filter>DirectX\Inc</Filter>
    </ClInclude>
    <ClInclude Include="DirectX\Include\D2Derr.h">
      <Filter>DirectX\Inc</Filter>
    </ClInclude>
    <ClInclude Include="DirectX\Include\D2DBaseTypes.h">
      <Filter>DirectX\Inc</Filter>
    </ClInclude>
    <ClInclude Include="DirectX\Include\D2D1Helper.h">
      <Filter>DirectX\Inc</Filter>
    </ClInclude>
    <ClInclude Include="DirectX\Include\D2D1.h">
      <Filter>DirectX\Inc</Filter>
    </ClInclude>
    <ClInclude Include="DirectX\Include\comdecl.h">
      <Filter>DirectX\Inc</Filter>
    </ClInclude>
    <ClInclude Include="DirectX\Include\audiodefs.h">
      <Filter>DirectX\Inc</Filter>
    </ClInclude>
    <ClInclude Include="resource.h">
      <Filter>头文件</Filter>
    </ClInclude>
    <ClInclude Include="PlumCipherA.h">
      <Filter>SFIL\Inc</Filter>
    </ClInclude>
    <ClInclude Include="PlumCommon.h">
      <Filter>SFIL\Inc</Filter>
    </ClInclude>
    <ClInclude Include="PlumConsole.h">
      <Filter>SFIL\Inc</Filter>
    </ClInclude>
    <ClInclude Include="PlumCrypt.h">
      <Filter>SFIL\Inc</Filter>
    </ClInclude>
    <ClInclude Include="PlumFile.h">
      <Filter>SFIL\Inc</Filter>
    </ClInclude>
    <ClInclude Include="PlumGraphics.h">
      <Filter>SFIL\Inc</Filter>
    </ClInclude>
    <ClInclude Include="PlumIni.h">
      <Filter>SFIL\Inc</Filter>
    </ClInclude>
    <ClInclude Include="PlumLog.h">
      <Filter>SFIL\Inc</Filter>
    </ClInclude>
    <ClInclude Include="PlumPack.h">
      <Filter>SFIL\Inc</Filter>
    </ClInclude>
    <ClInclude Include="PlumPath.h">
      <Filter>SFIL\Inc</Filter>
    </ClInclude>
    <ClInclude Include="PlumProcess.h">
      <Filter>SFIL\Inc</Filter>
    </ClInclude>
    <ClInclude Include="PlumThread.h">
      <Filter>SFIL\Inc</Filter>
    </ClInclude>
    <ClInclude Include="Cerasusfps.h">
      <Filter>SRCL\Inc</Filter>
    </ClInclude>
    <ClInclude Include="CerasusUnit.h">
      <Filter>SRCL\Inc</Filter>
    </ClInclude>
    <ClInclude Include="DirectCommon.h">
      <Filter>SRCL\Inc</Filter>
    </ClInclude>
    <ClInclude Include="DirectFont.h">
      <Filter>SRCL\Inc</Filter>
    </ClInclude>
    <ClInclude Include="DirectGraphics.h">
      <Filter>SRCL\Inc</Filter>
    </ClInclude>
    <ClInclude Include="DirectGraphics2D.h">
      <Filter>SRCL\Inc</Filter>
    </ClInclude>
    <ClInclude Include="DirectGraphics3D.h">
      <Filter>SRCL\Inc</Filter>
    </ClInclude>
    <ClInclude Include="DirectInput.h">
      <Filter>SRCL\Inc</Filter>
    </ClInclude>
    <ClInclude Include="DirectMesh.h">
      <Filter>SRCL\Inc</Filter>
    </ClInclude>
    <ClInclude Include="DirectSafe.h">
      <Filter>SRCL\Inc</Filter>
    </ClInclude>
    <ClInclude Include="DirectShow.h">
      <Filter>SRCL\Inc</Filter>
    </ClInclude>
    <ClInclude Include="DirectSound.h">
      <Filter>SRCL\Inc</Filter>
    </ClInclude>
    <ClInclude Include="DirectSprite.h">
      <Filter>SRCL\Inc</Filter>
    </ClInclude>
    <ClInclude Include="DirectSurface.h">
      <Filter>SRCL\Inc</Filter>
    </ClInclude>
    <ClInclude Include="DirectTexture.h">
      <Filter>SRCL\Inc</Filter>
    </ClInclude>
    <ClInclude Include="DirectThreadSafe.h">
      <Filter>SRCL\Inc</Filter>
    </ClInclude>
  </ItemGroup>
  <ItemGroup>
    <None Include="DirectX\Include\xnamathvector.inl">
      <Filter>DirectX\Inc</Filter>
    </None>
    <None Include="DirectX\Include\xnamathmisc.inl">
      <Filter>DirectX\Inc</Filter>
    </None>
    <None Include="DirectX\Include\xnamathmatrix.inl">
      <Filter>DirectX\Inc</Filter>
    </None>
    <None Include="DirectX\Include\xnamathconvert.inl">
      <Filter>DirectX\Inc</Filter>
    </None>
    <None Include="DirectX\Include\D3DX10math.inl">
      <Filter>DirectX\Inc</Filter>
    </None>
    <None Include="DirectX\Include\d3dx9math.inl">
      <Filter>DirectX\Inc</Filter>
    </None>
    <None Include="DirectX\Include\D3DX_DXGIFormatConvert.inl">
      <Filter>DirectX\Inc</Filter>
    </None>
  </ItemGroup>
  <ItemGroup>
    <ClCompile Include="PlumCipherA.cpp">
      <Filter>SFIL\Src</Filter>
    </ClCompile>
    <ClCompile Include="PlumConsole.cpp">
      <Filter>SFIL\Src</Filter>
    </ClCompile>
    <ClCompile Include="PlumCrypt.cpp">
      <Filter>SFIL\Src</Filter>
    </ClCompile>
    <ClCompile Include="PlumFile.cpp">
      <Filter>SFIL\Src</Filter>
    </ClCompile>
    <ClCompile Include="PlumGraphics.cpp">
      <Filter>SFIL\Src</Filter>
    </ClCompile>
    <ClCompile Include="PlumIni.cpp">
      <Filter>SFIL\Src</Filter>
    </ClCompile>
    <ClCompile Include="PlumLog.cpp">
      <Filter>SFIL\Src</Filter>
    </ClCompile>
    <ClCompile Include="PlumPack.cpp">
      <Filter>SFIL\Src</Filter>
    </ClCompile>
    <ClCompile Include="PlumPath.cpp">
      <Filter>SFIL\Src</Filter>
    </ClCompile>
    <ClCompile Include="PlumProcess.cpp">
      <Filter>SFIL\Src</Filter>
    </ClCompile>
    <ClCompile Include="PlumThread.cpp">
      <Filter>SFIL\Src</Filter>
    </ClCompile>
    <ClCompile Include="Cerasusfps.cpp">
      <Filter>SRCL\Src</Filter>
    </ClCompile>
    <ClCompile Include="CerasusUnit.cpp">
      <Filter>SRCL\Src</Filter>
    </ClCompile>
    <ClCompile Include="DirectFont.cpp">
      <Filter>SRCL\Src</Filter>
    </ClCompile>
    <ClCompile Include="DirectGraphics.cpp">
      <Filter>SRCL\Src</Filter>
    </ClCompile>
    <ClCompile Include="DirectGraphics2D.cpp">
      <Filter>SRCL\Src</Filter>
    </ClCompile>
    <ClCompile Include="DirectGraphics3D.cpp">
      <Filter>SRCL\Src</Filter>
    </ClCompile>
    <ClCompile Include="DirectInput.cpp">
      <Filter>SRCL\Src</Filter>
    </ClCompile>
    <ClCompile Include="DirectMesh.cpp">
      <Filter>SRCL\Src</Filter>
    </ClCompile>
    <ClCompile Include="DirectSafe.cpp">
      <Filter>SRCL\Src</Filter>
    </ClCompile>
    <ClCompile Include="DirectShow.cpp">
      <Filter>SRCL\Src</Filter>
    </ClCompile>
    <ClCompile Include="DirectSound.cpp">
      <Filter>SRCL\Src</Filter>
    </ClCompile>
    <ClCompile Include="DirectSprite.cpp">
      <Filter>SRCL\Src</Filter>
    </ClCompile>
    <ClCompile Include="DirectSurface.cpp">
      <Filter>SRCL\Src</Filter>
    </ClCompile>
    <ClCompile Include="DirectTexture.cpp">
      <Filter>SRCL\Src</Filter>
    </ClCompile>
    <ClCompile Include="DirectThreadSafe.cpp">
      <Filter>SRCL\Src</Filter>
    </ClCompile>
  </ItemGroup>
  <ItemGroup>
    <ResourceCompile Include="SRECL.rc">
      <Filter>资源文件</Filter>
    </ResourceCompile>
  </ItemGroup>
</Project>